// !$*UTF8*$!
{
	archiveVersion = 1;
	classes = {
	};
	objectVersion = 46;
	objects = {

/* Begin PBXBuildFile section */
		049292FC1EDC140F005D55E5 /* AppDelegate.swift in Sources */ = {isa = PBXBuildFile; fileRef = 049292FB1EDC140F005D55E5 /* AppDelegate.swift */; };
		049292FE1EDC140F005D55E5 /* ViewController.swift in Sources */ = {isa = PBXBuildFile; fileRef = 049292FD1EDC140F005D55E5 /* ViewController.swift */; };
		049293011EDC140F005D55E5 /* Main.storyboard in Resources */ = {isa = PBXBuildFile; fileRef = 049292FF1EDC140F005D55E5 /* Main.storyboard */; };
		049293031EDC1410005D55E5 /* Assets.xcassets in Resources */ = {isa = PBXBuildFile; fileRef = 049293021EDC1410005D55E5 /* Assets.xcassets */; };
		049293061EDC1410005D55E5 /* LaunchScreen.storyboard in Resources */ = {isa = PBXBuildFile; fileRef = 049293041EDC1410005D55E5 /* LaunchScreen.storyboard */; };
		0492930E1EDC14E7005D55E5 /* FirstViewController.swift in Sources */ = {isa = PBXBuildFile; fileRef = 0492930D1EDC14E7005D55E5 /* FirstViewController.swift */; };
		049293101EDC150B005D55E5 /* SecondeViewController.swift in Sources */ = {isa = PBXBuildFile; fileRef = 0492930F1EDC150B005D55E5 /* SecondeViewController.swift */; };
/* End PBXBuildFile section */

/* Begin PBXFileReference section */
		049292F81EDC140F005D55E5 /* Lesson 6 - UnderstandingSegue.app */ = {isa = PBXFileReference; explicitFileType = wrapper.application; includeInIndex = 0; path = "Lesson 6 - UnderstandingSegue.app"; sourceTree = BUILT_PRODUCTS_DIR; };
		049292FB1EDC140F005D55E5 /* AppDelegate.swift */ = {isa = PBXFileReference; lastKnownFileType = sourcecode.swift; path = AppDelegate.swift; sourceTree = "<group>"; };
		049292FD1EDC140F005D55E5 /* ViewController.swift */ = {isa = PBXFileReference; lastKnownFileType = sourcecode.swift; path = ViewController.swift; sourceTree = "<group>"; };
		049293001EDC140F005D55E5 /* Base */ = {isa = PBXFileReference; lastKnownFileType = file.storyboard; name = Base; path = Base.lproj/Main.storyboard; sourceTree = "<group>"; };
		049293021EDC1410005D55E5 /* Assets.xcassets */ = {isa = PBXFileReference; lastKnownFileType = folder.assetcatalog; path = Assets.xcassets; sourceTree = "<group>"; };
		049293051EDC1410005D55E5 /* Base */ = {isa = PBXFileReference; lastKnownFileType = file.storyboard; name = Base; path = Base.lproj/LaunchScreen.storyboard; sourceTree = "<group>"; };
		049293071EDC1410005D55E5 /* Info.plist */ = {isa = PBXFileReference; lastKnownFileType = text.plist.xml; path = Info.plist; sourceTree = "<group>"; };
		0492930D1EDC14E7005D55E5 /* FirstViewController.swift */ = {isa = PBXFileReference; fileEncoding = 4; lastKnownFileType = sourcecode.swift; path = FirstViewController.swift; sourceTree = "<group>"; };
		0492930F1EDC150B005D55E5 /* SecondeViewController.swift */ = {isa = PBXFileReference; fileEncoding = 4; lastKnownFileType = sourcecode.swift; path = SecondeViewController.swift; sourceTree = "<group>"; };
/* End PBXFileReference section */

/* Begin PBXFrameworksBuildPhase section */
		049292F51EDC140F005D55E5 /* Frameworks */ = {
			isa = PBXFrameworksBuildPhase;
			buildActionMask = 2147483647;
			files = (
			);
			runOnlyForDeploymentPostprocessing = 0;
		};
/* End PBXFrameworksBuildPhase section */

/* Begin PBXGroup section */
		049292EF1EDC140F005D55E5 = {
			isa = PBXGroup;
			children = (
				049292FA1EDC140F005D55E5 /* Lesson 6 - UnderstandingSegue */,
				049292F91EDC140F005D55E5 /* Products */,
			);
			sourceTree = "<group>";
		};
		049292F91EDC140F005D55E5 /* Products */ = {
			isa = PBXGroup;
			children = (
				049292F81EDC140F005D55E5 /* Lesson 6 - UnderstandingSegue.app */,
			);
			name = Products;
			sourceTree = "<group>";
		};
		049292FA1EDC140F005D55E5 /* Lesson 6 - UnderstandingSegue */ = {
			isa = PBXGroup;
			children = (
				049292FB1EDC140F005D55E5 /* AppDelegate.swift */,
				049292FD1EDC140F005D55E5 /* ViewController.swift */,
				049292FF1EDC140F005D55E5 /* Main.storyboard */,
				0492930D1EDC14E7005D55E5 /* FirstViewController.swift */,
				0492930F1EDC150B005D55E5 /* SecondeViewController.swift */,
				049293021EDC1410005D55E5 /* Assets.xcassets */,
				049293041EDC1410005D55E5 /* LaunchScreen.storyboard */,
				049293071EDC1410005D55E5 /* Info.plist */,
			);
			path = "Lesson 6 - UnderstandingSegue";
			sourceTree = "<group>";
		};
/* End PBXGroup section */

/* Begin PBXNativeTarget section */
		049292F71EDC140F005D55E5 /* Lesson 6 - UnderstandingSegue */ = {
			isa = PBXNativeTarget;
			buildConfigurationList = 0492930A1EDC1410005D55E5 /* Build configuration list for PBXNativeTarget "Lesson 6 - UnderstandingSegue" */;
			buildPhases = (
				049292F41EDC140F005D55E5 /* Sources */,
				049292F51EDC140F005D55E5 /* Frameworks */,
				049292F61EDC140F005D55E5 /* Resources */,
			);
			buildRules = (
			);
			dependencies = (
			);
			name = "Lesson 6 - UnderstandingSegue";
			productName = "Lesson 6 - UnderstandingSegue";
			productReference = 049292F81EDC140F005D55E5 /* Lesson 6 - UnderstandingSegue.app */;
			productType = "com.apple.product-type.application";
		};
/* End PBXNativeTarget section */

/* Begin PBXProject section */
		049292F01EDC140F005D55E5 /* Project object */ = {
			isa = PBXProject;
			attributes = {
				LastSwiftUpdateCheck = 0730;
				LastUpgradeCheck = 0730;
				ORGANIZATIONNAME = Mac;
				TargetAttributes = {
					049292F71EDC140F005D55E5 = {
						CreatedOnToolsVersion = 7.3.1;
					};
				};
			};
			buildConfigurationList = 049292F31EDC140F005D55E5 /* Build configuration list for PBXProject "Lesson 6 - UnderstandingSegue" */;
			compatibilityVersion = "Xcode 3.2";
			developmentRegion = English;
			hasScannedForEncodings = 0;
			knownRegions = (
				en,
				Base,
			);
			mainGroup = 049292EF1EDC140F005D55E5;
			productRefGroup = 049292F91EDC140F005D55E5 /* Products */;
			projectDirPath = "";
			projectRoot = "";
			targets = (
				049292F71EDC140F005D55E5 /* Lesson 6 - UnderstandingSegue */,
			);
		};
/* End PBXProject section */

/* Begin PBXResourcesBuildPhase section */
		049292F61EDC140F005D55E5 /* Resources */ = {
			isa = PBXResourcesBuildPhase;
			buildActionMask = 2147483647;
			files = (
				049293061EDC1410005D55E5 /* LaunchScreen.storyboard in Resources */,
				049293031EDC1410005D55E5 /* Assets.xcassets in Resources */,
				049293011EDC140F005D55E5 /* Main.storyboard in Resources */,
			);
			runOnlyForDeploymentPostprocessing = 0;
		};
/* End PBXResourcesBuildPhase section */

/* Begin PBXSourcesBuildPhase section */
		049292F41EDC140F005D55E5 /* Sources */ = {
			isa = PBXSourcesBuildPhase;
			buildActionMask = 2147483647;
			files = (
				0492930E1EDC14E7005D55E5 /* FirstViewController.swift in Sources */,
				049292FE1EDC140F005D55E5 /* ViewController.swift in Sources */,
				049293101EDC150B005D55E5 /* SecondeViewController.swift in Sources */,
				049292FC1EDC140F005D55E5 /* AppDelegate.swift in Sources */,
			);
			runOnlyForDeploymentPostprocessing = 0;
		};
/* End PBXSourcesBuildPhase section */

/* Begin PBXVariantGroup section */
		049292FF1EDC140F005D55E5 /* Main.storyboard */ = {
			isa = PBXVariantGroup;
			children = (
				049293001EDC140F005D55E5 /* Base */,
			);
			name = Main.storyboard;
			sourceTree = "<group>";
		};
		049293041EDC1410005D55E5 /* LaunchScreen.storyboard */ = {
			isa = PBXVariantGroup;
			children = (
				049293051EDC1410005D55E5 /* Base */,
			);
			name = LaunchScreen.storyboard;
			sourceTree = "<group>";
		};
/* End PBXVariantGroup section */

/* Begin XCBuildConfiguration section */
		049293081EDC1410005D55E5 /* Debug */ = {
			isa = XCBuildConfiguration;
			buildSettings = {
				ALWAYS_SEARCH_USER_PATHS = NO;
				CLANG_ANALYZER_NONNULL = YES;
				CLANG_CXX_LANGUAGE_STANDARD = "gnu++0x";
				CLANG_CXX_LIBRARY = "libc++";
				CLANG_ENABLE_MODULES = YES;
				CLANG_ENABLE_OBJC_ARC = YES;
				CLANG_WARN_BOOL_CONVERSION = YES;
				CLANG_WARN_CONSTANT_CONVERSION = YES;
				CLANG_WARN_DIRECT_OBJC_ISA_USAGE = YES_ERROR;
				CLANG_WARN_EMPTY_BODY = YES;
				CLANG_WARN_ENUM_CONVERSION = YES;
				CLANG_WARN_INT_CONVERSION = YES;
				CLANG_WARN_OBJC_ROOT_CLASS = YES_ERROR;
				CLANG_WARN_UNREACHABLE_CODE = YES;
				CLANG_WARN__DUPLICATE_METHOD_MATCH = YES;
				"CODE_SIGN_IDENTITY[sdk=iphoneos*]" = "iPhone Developer";
				COPY_PHASE_STRIP = NO;
				DEBUG_INFORMATION_FORMAT = dwarf;
				ENABLE_STRICT_OBJC_MSGSEND = YES;
				ENABLE_TESTABILITY = YES;
				GCC_C_LANGUAGE_STANDARD = gnu99;
				GCC_DYNAMIC_NO_PIC = NO;
				GCC_NO_COMMON_BLOCKS = YES;
				GCC_OPTIMIZATION_LEVEL = 0;
				GCC_PREPROCESSOR_DEFINITIONS = (
					"DEBUG=1",
					"$(inherited)",
				);
				GCC_WARN_64_TO_32_BIT_CONVERSION = YES;
				GCC_WARN_ABOUT_RETURN_TYPE = YES_ERROR;
				GCC_WARN_UNDECLARED_SELECTOR = YES;
				GCC_WARN_UNINITIALIZED_AUTOS = YES_AGGRESSIVE;
				GCC_WARN_UNUSED_FUNCTION = YES;
				GCC_WARN_UNUSED_VARIABLE = YES;
				IPHONEOS_DEPLOYMENT_TARGET = 9.3;
				MTL_ENABLE_DEBUG_INFO = YES;
				ONLY_ACTIVE_ARCH = YES;
				SDKROOT = iphoneos;
				SWIFT_OPTIMIZATION_LEVEL = "-Onone";
				TARGETED_DEVICE_FAMILY = "1,2";
			};
			name = Debug;
		};
		049293091EDC1410005D55E5 /* Release */ = {
			isa = XCBuildConfiguration;
			buildSettings = {
				ALWAYS_SEARCH_USER_PATHS = NO;
				CLANG_ANALYZER_NONNULL = YES;
				CLANG_CXX_LANGUAGE_STANDARD = "gnu++0x";
				CLANG_CXX_LIBRARY = "libc++";
				CLANG_ENABLE_MODULES = YES;
				CLANG_ENABLE_OBJC_ARC = YES;
				CLANG_WARN_BOOL_CONVERSION = YES;
				CLANG_WARN_CONSTANT_CONVERSION = YES;
				CLANG_WARN_DIRECT_OBJC_ISA_USAGE = YES_ERROR;
				CLANG_WARN_EMPTY_BODY = YES;
				CLANG_WARN_ENUM_CONVERSION = YES;
				CLANG_WARN_INT_CONVERSION = YES;
				CLANG_WARN_OBJC_ROOT_CLASS = YES_ERROR;
				CLANG_WARN_UNREACHABLE_CODE = YES;
				CLANG_WARN__DUPLICATE_METHOD_MATCH = YES;
				"CODE_SIGN_IDENTITY[sdk=iphoneos*]" = "iPhone Developer";
				COPY_PHASE_STRIP = NO;
				DEBUG_INFORMATION_FORMAT = "dwarf-with-dsym";
				ENABLE_NS_ASSERTIONS = NO;
				ENABLE_STRICT_OBJC_MSGSEND = YES;
				GCC_C_LANGUAGE_STANDARD = gnu99;
				GCC_NO_COMMON_BLOCKS = YES;
				GCC_WARN_64_TO_32_BIT_CONVERSION = YES;
				GCC_WARN_ABOUT_RETURN_TYPE = YES_ERROR;
				GCC_WARN_UNDECLARED_SELECTOR = YES;
				GCC_WARN_UNINITIALIZED_AUTOS = YES_AGGRESSIVE;
				GCC_WARN_UNUSED_FUNCTION = YES;
				GCC_WARN_UNUSED_VARIABLE = YES;
				IPHONEOS_DEPLOYMENT_TARGET = 9.3;
				MTL_ENABLE_DEBUG_INFO = NO;
				SDKROOT = iphoneos;
				TARGETED_DEVICE_FAMILY = "1,2";
				VALIDATE_PRODUCT = YES;
			};
			name = Release;
		};
		0492930B1EDC1410005D55E5 /* Debug */ = {
			isa = XCBuildConfiguration;
			buildSettings = {
				ASSETCATALOG_COMPILER_APPICON_NAME = AppIcon;
				INFOPLIST_FILE = "Lesson 6 - UnderstandingSegue/Info.plist";
				LD_RUNPATH_SEARCH_PATHS = "$(inherited) @executable_path/Frameworks";
				PRODUCT_BUNDLE_IDENTIFIER = "com.dijanet.Lesson-6---UnderstandingSegue";
				PRODUCT_NAME = "$(TARGET_NAME)";
			};
			name = Debug;
		};
		0492930C1EDC1410005D55E5 /* Release */ = {
			isa = XCBuildConfiguration;
			buildSettings = {
				ASSETCATALOG_COMPILER_APPICON_NAME = AppIcon;
				INFOPLIST_FILE = "Lesson 6 - UnderstandingSegue/Info.plist";
				LD_RUNPATH_SEARCH_PATHS = "$(inherited) @executable_path/Frameworks";
				PRODUCT_BUNDLE_IDENTIFIER = "com.dijanet.Lesson-6---UnderstandingSegue";
				PRODUCT_NAME = "$(TARGET_NAME)";
			};
			name = Release;
		};
/* End XCBuildConfiguration section */

/* Begin XCConfigurationList section */
		049292F31EDC140F005D55E5 /* Build configuration list for PBXProject "Lesson 6 - UnderstandingSegue" */ = {
			isa = XCConfigurationList;
			buildConfigurations = (
				049293081EDC1410005D55E5 /* Debug */,
				049293091EDC1410005D55E5 /* Release */,
			);
			defaultConfigurationIsVisible = 0;
			defaultConfigurationName = Release;
		};
		0492930A1EDC1410005D55E5 /* Build configuration list for PBXNativeTarget "Lesson 6 - UnderstandingSegue" */ = {
			isa = XCConfigurationList;
			buildConfigurations = (
				0492930B1EDC1410005D55E5 /* Debug */,
				0492930C1EDC1410005D55E5 /* Release */,
			);
			defaultConfigurationIsVisible = 0;
		};
/* End XCConfigurationList section */
	};
	rootObject = 049292F01EDC140F005D55E5 /* Project object */;
}
